
Microsoft Visual Studio Solution File, Format Version 12.00
Project("{FAE04EC0-301F-11D3-BF4B-00C04F79EFBC}") = "Lab1", "Lab1\Lab1.csproj", "{9F0BEEA6-4A3E-4280-AC3C-34E0BB04439E}"
EndProject
Project("{FAE04EC0-301F-11D3-BF4B-00C04F79EFBC}") = "Lab2", "Lab2\Lab2.csproj", "{468E186E-F2A0-4DCB-895C-2F59C03DAE85}"
EndProject
Project("{FAE04EC0-301F-11D3-BF4B-00C04F79EFBC}") = "Lab3", "Lab3\Lab3.csproj", "{191B61C9-3F19-4BDE-A907-51B58A7D9FE5}"
EndProject
Project("{FAE04EC0-301F-11D3-BF4B-00C04F79EFBC}") = "Lab4", "Lab4\Lab4.csproj", "{D4855B15-29C1-4009-A7FE-D5FCD594C99C}"
EndProject
Project("{FAE04EC0-301F-11D3-BF4B-00C04F79EFBC}") = "Laba5", "Laba5\Laba5.csproj", "{1E484597-4239-4C2D-9827-EF166ACF8270}"
EndProject
Global
	GlobalSection(SolutionConfigurationPlatforms) = preSolution
		Debug|Any CPU = Debug|Any CPU
		Release|Any CPU = Release|Any CPU
	EndGlobalSection
	GlobalSection(ProjectConfigurationPlatforms) = postSolution
		{9F0BEEA6-4A3E-4280-AC3C-34E0BB04439E}.Debug|Any CPU.ActiveCfg = Debug|Any CPU
		{9F0BEEA6-4A3E-4280-AC3C-34E0BB04439E}.Debug|Any CPU.Build.0 = Debug|Any CPU
		{9F0BEEA6-4A3E-4280-AC3C-34E0BB04439E}.Release|Any CPU.ActiveCfg = Release|Any CPU
		{9F0BEEA6-4A3E-4280-AC3C-34E0BB04439E}.Release|Any CPU.Build.0 = Release|Any CPU
		{468E186E-F2A0-4DCB-895C-2F59C03DAE85}.Debug|Any CPU.ActiveCfg = Debug|Any CPU
		{468E186E-F2A0-4DCB-895C-2F59C03DAE85}.Debug|Any CPU.Build.0 = Debug|Any CPU
		{468E186E-F2A0-4DCB-895C-2F59C03DAE85}.Release|Any CPU.ActiveCfg = Release|Any CPU
		{468E186E-F2A0-4DCB-895C-2F59C03DAE85}.Release|Any CPU.Build.0 = Release|Any CPU
		{191B61C9-3F19-4BDE-A907-51B58A7D9FE5}.Debug|Any CPU.ActiveCfg = Debug|Any CPU
		{191B61C9-3F19-4BDE-A907-51B58A7D9FE5}.Debug|Any CPU.Build.0 = Debug|Any CPU
		{191B61C9-3F19-4BDE-A907-51B58A7D9FE5}.Release|Any CPU.ActiveCfg = Release|Any CPU
		{191B61C9-3F19-4BDE-A907-51B58A7D9FE5}.Release|Any CPU.Build.0 = Release|Any CPU
		{D4855B15-29C1-4009-A7FE-D5FCD594C99C}.Debug|Any CPU.ActiveCfg = Debug|Any CPU
		{D4855B15-29C1-4009-A7FE-D5FCD594C99C}.Debug|Any CPU.Build.0 = Debug|Any CPU
		{D4855B15-29C1-4009-A7FE-D5FCD594C99C}.Release|Any CPU.ActiveCfg = Release|Any CPU
		{D4855B15-29C1-4009-A7FE-D5FCD594C99C}.Release|Any CPU.Build.0 = Release|Any CPU
		{1E484597-4239-4C2D-9827-EF166ACF8270}.Debug|Any CPU.ActiveCfg = Debug|Any CPU
		{1E484597-4239-4C2D-9827-EF166ACF8270}.Debug|Any CPU.Build.0 = Debug|Any CPU
		{1E484597-4239-4C2D-9827-EF166ACF8270}.Release|Any CPU.ActiveCfg = Release|Any CPU
		{1E484597-4239-4C2D-9827-EF166ACF8270}.Release|Any CPU.Build.0 = Release|Any CPU
	EndGlobalSection
EndGlobal
