
Microsoft Visual Studio Solution File, Format Version 12.00
Project("{FAE04EC0-301F-11D3-BF4B-00C04F79EFBC}") = "Lab1", "Lab1\Lab1.csproj", "{9F0BEEA6-4A3E-4280-AC3C-34E0BB04439E}"
EndProject
Project("{FAE04EC0-301F-11D3-BF4B-00C04F79EFBC}") = "Lab2", "Lab2\Lab2.csproj", "{468E186E-F2A0-4DCB-895C-2F59C03DAE85}"
EndProject
Project("{FAE04EC0-301F-11D3-BF4B-00C04F79EFBC}") = "Lab3", "Lab3\Lab3.csproj", "{191B61C9-3F19-4BDE-A907-51B58A7D9FE5}"
EndProject
Project("{FAE04EC0-301F-11D3-BF4B-00C04F79EFBC}") = "Lab4", "Lab4\Lab4.csproj", "{D4855B15-29C1-4009-A7FE-D5FCD594C99C}"
EndProject
Project("{FAE04EC0-301F-11D3-BF4B-00C04F79EFBC}") = "Lab5", "Lab5\Lab5.csproj", "{1E484597-4239-4C2D-9827-EF166ACF8270}"
EndProject
Project("{FAE04EC0-301F-11D3-BF4B-00C04F79EFBC}") = "Lab6", "Lab6\Lab6.csproj", "{0A2BF77D-1EE1-4996-83F3-A30C2F613319}"
EndProject
Project("{FAE04EC0-301F-11D3-BF4B-00C04F79EFBC}") = "Lab7", "Lab7\Lab7.csproj", "{D344AB97-7BF7-4299-8A6C-033943665B9C}"
EndProject
Project("{FAE04EC0-301F-11D3-BF4B-00C04F79EFBC}") = "Lab9", "Lab9\Lab9.csproj", "{88D895A6-8799-4028-8A97-0D9E44A032D0}"
EndProject
Project("{FAE04EC0-301F-11D3-BF4B-00C04F79EFBC}") = "Lab_10", "Lab_10\Lab_10.csproj", "{58DFE2F1-3BB7-4A78-A20F-17327824EFEE}"
EndProject
Global
	GlobalSection(SolutionConfigurationPlatforms) = preSolution
		Debug|Any CPU = Debug|Any CPU
		Release|Any CPU = Release|Any CPU
	EndGlobalSection
	GlobalSection(ProjectConfigurationPlatforms) = postSolution
		{9F0BEEA6-4A3E-4280-AC3C-34E0BB04439E}.Debug|Any CPU.ActiveCfg = Debug|Any CPU
		{9F0BEEA6-4A3E-4280-AC3C-34E0BB04439E}.Debug|Any CPU.Build.0 = Debug|Any CPU
		{9F0BEEA6-4A3E-4280-AC3C-34E0BB04439E}.Release|Any CPU.ActiveCfg = Release|Any CPU
		{9F0BEEA6-4A3E-4280-AC3C-34E0BB04439E}.Release|Any CPU.Build.0 = Release|Any CPU
		{468E186E-F2A0-4DCB-895C-2F59C03DAE85}.Debug|Any CPU.ActiveCfg = Debug|Any CPU
		{468E186E-F2A0-4DCB-895C-2F59C03DAE85}.Debug|Any CPU.Build.0 = Debug|Any CPU
		{468E186E-F2A0-4DCB-895C-2F59C03DAE85}.Release|Any CPU.ActiveCfg = Release|Any CPU
		{468E186E-F2A0-4DCB-895C-2F59C03DAE85}.Release|Any CPU.Build.0 = Release|Any CPU
		{191B61C9-3F19-4BDE-A907-51B58A7D9FE5}.Debug|Any CPU.ActiveCfg = Debug|Any CPU
		{191B61C9-3F19-4BDE-A907-51B58A7D9FE5}.Debug|Any CPU.Build.0 = Debug|Any CPU
		{191B61C9-3F19-4BDE-A907-51B58A7D9FE5}.Release|Any CPU.ActiveCfg = Release|Any CPU
		{191B61C9-3F19-4BDE-A907-51B58A7D9FE5}.Release|Any CPU.Build.0 = Release|Any CPU
		{D4855B15-29C1-4009-A7FE-D5FCD594C99C}.Debug|Any CPU.ActiveCfg = Debug|Any CPU
		{D4855B15-29C1-4009-A7FE-D5FCD594C99C}.Debug|Any CPU.Build.0 = Debug|Any CPU
		{D4855B15-29C1-4009-A7FE-D5FCD594C99C}.Release|Any CPU.ActiveCfg = Release|Any CPU
		{D4855B15-29C1-4009-A7FE-D5FCD594C99C}.Release|Any CPU.Build.0 = Release|Any CPU
		{1E484597-4239-4C2D-9827-EF166ACF8270}.Debug|Any CPU.ActiveCfg = Debug|Any CPU
		{1E484597-4239-4C2D-9827-EF166ACF8270}.Debug|Any CPU.Build.0 = Debug|Any CPU
		{1E484597-4239-4C2D-9827-EF166ACF8270}.Release|Any CPU.ActiveCfg = Release|Any CPU
		{1E484597-4239-4C2D-9827-EF166ACF8270}.Release|Any CPU.Build.0 = Release|Any CPU
		{0A2BF77D-1EE1-4996-83F3-A30C2F613319}.Debug|Any CPU.ActiveCfg = Debug|Any CPU
		{0A2BF77D-1EE1-4996-83F3-A30C2F613319}.Debug|Any CPU.Build.0 = Debug|Any CPU
		{0A2BF77D-1EE1-4996-83F3-A30C2F613319}.Release|Any CPU.ActiveCfg = Release|Any CPU
		{0A2BF77D-1EE1-4996-83F3-A30C2F613319}.Release|Any CPU.Build.0 = Release|Any CPU
		{D344AB97-7BF7-4299-8A6C-033943665B9C}.Debug|Any CPU.ActiveCfg = Debug|Any CPU
		{D344AB97-7BF7-4299-8A6C-033943665B9C}.Debug|Any CPU.Build.0 = Debug|Any CPU
		{D344AB97-7BF7-4299-8A6C-033943665B9C}.Release|Any CPU.ActiveCfg = Release|Any CPU
		{D344AB97-7BF7-4299-8A6C-033943665B9C}.Release|Any CPU.Build.0 = Release|Any CPU
		{88D895A6-8799-4028-8A97-0D9E44A032D0}.Debug|Any CPU.ActiveCfg = Debug|Any CPU
		{88D895A6-8799-4028-8A97-0D9E44A032D0}.Debug|Any CPU.Build.0 = Debug|Any CPU
		{88D895A6-8799-4028-8A97-0D9E44A032D0}.Release|Any CPU.ActiveCfg = Release|Any CPU
		{88D895A6-8799-4028-8A97-0D9E44A032D0}.Release|Any CPU.Build.0 = Release|Any CPU
		{58DFE2F1-3BB7-4A78-A20F-17327824EFEE}.Debug|Any CPU.ActiveCfg = Debug|Any CPU
		{58DFE2F1-3BB7-4A78-A20F-17327824EFEE}.Debug|Any CPU.Build.0 = Debug|Any CPU
		{58DFE2F1-3BB7-4A78-A20F-17327824EFEE}.Release|Any CPU.ActiveCfg = Release|Any CPU
		{58DFE2F1-3BB7-4A78-A20F-17327824EFEE}.Release|Any CPU.Build.0 = Release|Any CPU
	EndGlobalSection
EndGlobal
